
Microsoft Visual Studio Solution File, Format Version 12.00
# Visual Studio Version 16
VisualStudioVersion = 16.0.29920.165
MinimumVisualStudioVersion = 10.0.40219.1
Project("{9A19103F-16F7-4668-BE54-9A1E7A4F7556}") = "my-new-app", "my-new-app.csproj", "{517E9B1F-E50B-49A1-AB1A-C09C1A618C2C}"
EndProject
Global
	GlobalSection(SolutionConfigurationPlatforms) = preSolution
		Debug|Any CPU = Debug|Any CPU
		Release|Any CPU = Release|Any CPU
	EndGlobalSection
	GlobalSection(ProjectConfigurationPlatforms) = postSolution
		{517E9B1F-E50B-49A1-AB1A-C09C1A618C2C}.Debug|Any CPU.ActiveCfg = Debug|Any CPU
		{517E9B1F-E50B-49A1-AB1A-C09C1A618C2C}.Debug|Any CPU.Build.0 = Debug|Any CPU
		{517E9B1F-E50B-49A1-AB1A-C09C1A618C2C}.Release|Any CPU.ActiveCfg = Release|Any CPU
		{517E9B1F-E50B-49A1-AB1A-C09C1A618C2C}.Release|Any CPU.Build.0 = Release|Any CPU
	EndGlobalSection
	GlobalSection(SolutionProperties) = preSolution
		HideSolutionNode = FALSE
	EndGlobalSection
	GlobalSection(ExtensibilityGlobals) = postSolution
		SolutionGuid = {ABEB9E84-AF1F-45E7-A061-CE93E4BCC452}
	EndGlobalSection
EndGlobal
